
Microsoft Visual Studio Solution File, Format Version 12.00
# Visual Studio 15
VisualStudioVersion = 15.0.28010.2046
MinimumVisualStudioVersion = 10.0.40219.1
Project("{8BC9CEB8-8B4A-11D0-8D11-00A0C91BC942}") = "MiniGame", "MiniGame\MiniGame.vcxproj", "{E108F7B8-9C18-4E5B-BCD6-B351A414D72B}"
EndProject
Global
	GlobalSection(SolutionConfigurationPlatforms) = preSolution
		Debug|x64 = Debug|x64
		Debug|x86 = Debug|x86
		Release|x64 = Release|x64
		Release|x86 = Release|x86
	EndGlobalSection
	GlobalSection(ProjectConfigurationPlatforms) = postSolution
		{E108F7B8-9C18-4E5B-BCD6-B351A414D72B}.Debug|x64.ActiveCfg = Debug|x64
		{E108F7B8-9C18-4E5B-BCD6-B351A414D72B}.Debug|x64.Build.0 = Debug|x64
		{E108F7B8-9C18-4E5B-BCD6-B351A414D72B}.Debug|x86.ActiveCfg = Debug|Win32
		{E108F7B8-9C18-4E5B-BCD6-B351A414D72B}.Debug|x86.Build.0 = Debug|Win32
		{E108F7B8-9C18-4E5B-BCD6-B351A414D72B}.Release|x64.ActiveCfg = Release|x64
		{E108F7B8-9C18-4E5B-BCD6-B351A414D72B}.Release|x64.Build.0 = Release|x64
		{E108F7B8-9C18-4E5B-BCD6-B351A414D72B}.Release|x86.ActiveCfg = Release|Win32
		{E108F7B8-9C18-4E5B-BCD6-B351A414D72B}.Release|x86.Build.0 = Release|Win32
	EndGlobalSection
	GlobalSection(SolutionProperties) = preSolution
		HideSolutionNode = FALSE
	EndGlobalSection
	GlobalSection(ExtensibilityGlobals) = postSolution
		SolutionGuid = {D9207B71-B801-496A-9F38-BC015516583F}
	EndGlobalSection
EndGlobal
